
Microsoft Visual Studio Solution File, Format Version 12.00
# Visual Studio Version 16
VisualStudioVersion = 16.0.30611.23
MinimumVisualStudioVersion = 10.0.40219.1
Project("{9A19103F-16F7-4668-BE54-9A1E7A4F7556}") = "LetsGo.DataLayer", "LetsGo.DataLayer\LetsGo.DataLayer.csproj", "{D8A100C0-C596-40F9-A6FD-759B3E6896A6}"
EndProject
Project("{9A19103F-16F7-4668-BE54-9A1E7A4F7556}") = "LetsGo.BackEnd", "LetsGo.BackEnd\LetsGo.BackEnd.csproj", "{BC1D4826-2E9A-41B9-A836-EA1F1D30104C}"
EndProject
Project("{9A19103F-16F7-4668-BE54-9A1E7A4F7556}") = "GenericBackEndCore", "..\..\..\..\GenericDatalayer\GenericBackEndCore\GenericBackEndCore.csproj", "{FDCCD021-8BC6-4E80-82D2-1BFAD8116E5B}"
EndProject
Project("{9A19103F-16F7-4668-BE54-9A1E7A4F7556}") = "GenericRepositoryCore", "..\..\..\..\GenericDatalayer\GenericRepositoryCore\GenericRepositoryCore.csproj", "{E057BA61-8174-4005-A7C5-8893F39A016A}"
EndProject
Global
	GlobalSection(SolutionConfigurationPlatforms) = preSolution
		Debug|Any CPU = Debug|Any CPU
		Release|Any CPU = Release|Any CPU
	EndGlobalSection
	GlobalSection(ProjectConfigurationPlatforms) = postSolution
		{D8A100C0-C596-40F9-A6FD-759B3E6896A6}.Debug|Any CPU.ActiveCfg = Debug|Any CPU
		{D8A100C0-C596-40F9-A6FD-759B3E6896A6}.Debug|Any CPU.Build.0 = Debug|Any CPU
		{D8A100C0-C596-40F9-A6FD-759B3E6896A6}.Release|Any CPU.ActiveCfg = Release|Any CPU
		{D8A100C0-C596-40F9-A6FD-759B3E6896A6}.Release|Any CPU.Build.0 = Release|Any CPU
		{BC1D4826-2E9A-41B9-A836-EA1F1D30104C}.Debug|Any CPU.ActiveCfg = Debug|Any CPU
		{BC1D4826-2E9A-41B9-A836-EA1F1D30104C}.Debug|Any CPU.Build.0 = Debug|Any CPU
		{BC1D4826-2E9A-41B9-A836-EA1F1D30104C}.Release|Any CPU.ActiveCfg = Release|Any CPU
		{BC1D4826-2E9A-41B9-A836-EA1F1D30104C}.Release|Any CPU.Build.0 = Release|Any CPU
		{FDCCD021-8BC6-4E80-82D2-1BFAD8116E5B}.Debug|Any CPU.ActiveCfg = Debug|Any CPU
		{FDCCD021-8BC6-4E80-82D2-1BFAD8116E5B}.Debug|Any CPU.Build.0 = Debug|Any CPU
		{FDCCD021-8BC6-4E80-82D2-1BFAD8116E5B}.Release|Any CPU.ActiveCfg = Release|Any CPU
		{FDCCD021-8BC6-4E80-82D2-1BFAD8116E5B}.Release|Any CPU.Build.0 = Release|Any CPU
		{E057BA61-8174-4005-A7C5-8893F39A016A}.Debug|Any CPU.ActiveCfg = Debug|Any CPU
		{E057BA61-8174-4005-A7C5-8893F39A016A}.Debug|Any CPU.Build.0 = Debug|Any CPU
		{E057BA61-8174-4005-A7C5-8893F39A016A}.Release|Any CPU.ActiveCfg = Release|Any CPU
		{E057BA61-8174-4005-A7C5-8893F39A016A}.Release|Any CPU.Build.0 = Release|Any CPU
	EndGlobalSection
	GlobalSection(SolutionProperties) = preSolution
		HideSolutionNode = FALSE
	EndGlobalSection
	GlobalSection(ExtensibilityGlobals) = postSolution
		SolutionGuid = {CB330F00-6AFA-4FFD-B2C7-B2A69EF1FE89}
	EndGlobalSection
EndGlobal
